
Microsoft Visual Studio Solution File, Format Version 12.00
# Visual Studio Version 17
VisualStudioVersion = 17.11.35312.102
MinimumVisualStudioVersion = 10.0.40219.1
Project("{FAE04EC0-301F-11D3-BF4B-00C04F79EFBC}") = "CurrencyConversionAPI", "CurrencyConversionAPI.csproj", "{820FC798-FD0F-4B66-84F5-ED01ABB05F50}"
EndProject
Global
	GlobalSection(SolutionConfigurationPlatforms) = preSolution
		Debug|Any CPU = Debug|Any CPU
		Release|Any CPU = Release|Any CPU
	EndGlobalSection
	GlobalSection(ProjectConfigurationPlatforms) = postSolution
		{820FC798-FD0F-4B66-84F5-ED01ABB05F50}.Debug|Any CPU.ActiveCfg = Debug|Any CPU
		{820FC798-FD0F-4B66-84F5-ED01ABB05F50}.Debug|Any CPU.Build.0 = Debug|Any CPU
		{820FC798-FD0F-4B66-84F5-ED01ABB05F50}.Release|Any CPU.ActiveCfg = Release|Any CPU
		{820FC798-FD0F-4B66-84F5-ED01ABB05F50}.Release|Any CPU.Build.0 = Release|Any CPU
	EndGlobalSection
	GlobalSection(SolutionProperties) = preSolution
		HideSolutionNode = FALSE
	EndGlobalSection
	GlobalSection(ExtensibilityGlobals) = postSolution
		SolutionGuid = {259773C4-CC1A-49D3-8843-CF17B4E83E03}
	EndGlobalSection
EndGlobal
